// !$*UTF8*$!
{
	archiveVersion = 1;
	classes = {
	};
	objectVersion = 46;
	objects = {

/* Begin PBXBuildFile section */
		CB1E425F1CCEE00200BDBD0D /* HomeFeedVC.swift in Sources */ = {isa = PBXBuildFile; fileRef = CB1E425E1CCEE00200BDBD0D /* HomeFeedVC.swift */; };
		CB1E42631CCEE3D100BDBD0D /* PostCell.swift in Sources */ = {isa = PBXBuildFile; fileRef = CB1E42621CCEE3D100BDBD0D /* PostCell.swift */; };
		CB312F4E1CC8857700E58031 /* DataServices.swift in Sources */ = {isa = PBXBuildFile; fileRef = CB312F4D1CC8857700E58031 /* DataServices.swift */; };
		CB4775C61CC5C6B800F5DD16 /* AppDelegate.swift in Sources */ = {isa = PBXBuildFile; fileRef = CB4775C51CC5C6B800F5DD16 /* AppDelegate.swift */; };
		CB4775C81CC5C6B800F5DD16 /* LoginVC.swift in Sources */ = {isa = PBXBuildFile; fileRef = CB4775C71CC5C6B800F5DD16 /* LoginVC.swift */; };
		CB4775CB1CC5C6B800F5DD16 /* Main.storyboard in Resources */ = {isa = PBXBuildFile; fileRef = CB4775C91CC5C6B800F5DD16 /* Main.storyboard */; };
		CB4775CE1CC5C6B800F5DD16 /* Displent.xcdatamodeld in Sources */ = {isa = PBXBuildFile; fileRef = CB4775CC1CC5C6B800F5DD16 /* Displent.xcdatamodeld */; };
		CB4775D01CC5C6B800F5DD16 /* Assets.xcassets in Resources */ = {isa = PBXBuildFile; fileRef = CB4775CF1CC5C6B800F5DD16 /* Assets.xcassets */; };
		CB4775D31CC5C6B800F5DD16 /* LaunchScreen.storyboard in Resources */ = {isa = PBXBuildFile; fileRef = CB4775D11CC5C6B800F5DD16 /* LaunchScreen.storyboard */; };
		CB4775DE1CC5C6B800F5DD16 /* DisplentTests.swift in Sources */ = {isa = PBXBuildFile; fileRef = CB4775DD1CC5C6B800F5DD16 /* DisplentTests.swift */; };
		CB4775E91CC5C6B800F5DD16 /* DisplentUITests.swift in Sources */ = {isa = PBXBuildFile; fileRef = CB4775E81CC5C6B800F5DD16 /* DisplentUITests.swift */; };
		CB4775FE1CC5C79600F5DD16 /* NotoSans-Bold.ttf in Resources */ = {isa = PBXBuildFile; fileRef = CB4775FA1CC5C79600F5DD16 /* NotoSans-Bold.ttf */; };
		CB4775FF1CC5C79600F5DD16 /* NotoSans-Bold.ttf in Resources */ = {isa = PBXBuildFile; fileRef = CB4775FA1CC5C79600F5DD16 /* NotoSans-Bold.ttf */; };
		CB4776001CC5C79600F5DD16 /* NotoSans-Bold.ttf in Resources */ = {isa = PBXBuildFile; fileRef = CB4775FA1CC5C79600F5DD16 /* NotoSans-Bold.ttf */; };
		CB4776011CC5C79600F5DD16 /* NotoSans-BoldItalic.ttf in Resources */ = {isa = PBXBuildFile; fileRef = CB4775FB1CC5C79600F5DD16 /* NotoSans-BoldItalic.ttf */; };
		CB4776021CC5C79600F5DD16 /* NotoSans-BoldItalic.ttf in Resources */ = {isa = PBXBuildFile; fileRef = CB4775FB1CC5C79600F5DD16 /* NotoSans-BoldItalic.ttf */; };
		CB4776031CC5C79600F5DD16 /* NotoSans-BoldItalic.ttf in Resources */ = {isa = PBXBuildFile; fileRef = CB4775FB1CC5C79600F5DD16 /* NotoSans-BoldItalic.ttf */; };
		CB4776041CC5C79600F5DD16 /* NotoSans-Italic.ttf in Resources */ = {isa = PBXBuildFile; fileRef = CB4775FC1CC5C79600F5DD16 /* NotoSans-Italic.ttf */; };
		CB4776051CC5C79600F5DD16 /* NotoSans-Italic.ttf in Resources */ = {isa = PBXBuildFile; fileRef = CB4775FC1CC5C79600F5DD16 /* NotoSans-Italic.ttf */; };
		CB4776061CC5C79600F5DD16 /* NotoSans-Italic.ttf in Resources */ = {isa = PBXBuildFile; fileRef = CB4775FC1CC5C79600F5DD16 /* NotoSans-Italic.ttf */; };
		CB4776071CC5C79600F5DD16 /* NotoSans-Regular.ttf in Resources */ = {isa = PBXBuildFile; fileRef = CB4775FD1CC5C79600F5DD16 /* NotoSans-Regular.ttf */; };
		CB4776081CC5C79600F5DD16 /* NotoSans-Regular.ttf in Resources */ = {isa = PBXBuildFile; fileRef = CB4775FD1CC5C79600F5DD16 /* NotoSans-Regular.ttf */; };
		CB4776091CC5C79600F5DD16 /* NotoSans-Regular.ttf in Resources */ = {isa = PBXBuildFile; fileRef = CB4775FD1CC5C79600F5DD16 /* NotoSans-Regular.ttf */; };
		CB47760B1CC6E99100F5DD16 /* MaterialView.swift in Sources */ = {isa = PBXBuildFile; fileRef = CB47760A1CC6E99100F5DD16 /* MaterialView.swift */; };
		CB47760C1CC6E99100F5DD16 /* MaterialView.swift in Sources */ = {isa = PBXBuildFile; fileRef = CB47760A1CC6E99100F5DD16 /* MaterialView.swift */; };
		CB47760D1CC6E99100F5DD16 /* MaterialView.swift in Sources */ = {isa = PBXBuildFile; fileRef = CB47760A1CC6E99100F5DD16 /* MaterialView.swift */; };
		CB4776101CC6EA0B00F5DD16 /* Constants.swift in Sources */ = {isa = PBXBuildFile; fileRef = CB47760F1CC6EA0B00F5DD16 /* Constants.swift */; };
		CB4776111CC6EA0B00F5DD16 /* Constants.swift in Sources */ = {isa = PBXBuildFile; fileRef = CB47760F1CC6EA0B00F5DD16 /* Constants.swift */; };
		CB4776121CC6EA0B00F5DD16 /* Constants.swift in Sources */ = {isa = PBXBuildFile; fileRef = CB47760F1CC6EA0B00F5DD16 /* Constants.swift */; };
		CB4776141CC6F00700F5DD16 /* MaterialButton.swift in Sources */ = {isa = PBXBuildFile; fileRef = CB4776131CC6F00700F5DD16 /* MaterialButton.swift */; };
		CB4776151CC6F00700F5DD16 /* MaterialButton.swift in Sources */ = {isa = PBXBuildFile; fileRef = CB4776131CC6F00700F5DD16 /* MaterialButton.swift */; };
		CB4776161CC6F00700F5DD16 /* MaterialButton.swift in Sources */ = {isa = PBXBuildFile; fileRef = CB4776131CC6F00700F5DD16 /* MaterialButton.swift */; };
		CB4776181CC6FF0E00F5DD16 /* MaterialTextField.swift in Sources */ = {isa = PBXBuildFile; fileRef = CB4776171CC6FF0D00F5DD16 /* MaterialTextField.swift */; };
		CB4776191CC6FF0E00F5DD16 /* MaterialTextField.swift in Sources */ = {isa = PBXBuildFile; fileRef = CB4776171CC6FF0D00F5DD16 /* MaterialTextField.swift */; };
		CB47761A1CC6FF0E00F5DD16 /* MaterialTextField.swift in Sources */ = {isa = PBXBuildFile; fileRef = CB4776171CC6FF0D00F5DD16 /* MaterialTextField.swift */; };
		CB47761F1CC727BD00F5DD16 /* Bolts.framework in Frameworks */ = {isa = PBXBuildFile; fileRef = CB47761C1CC727BD00F5DD16 /* Bolts.framework */; };
		CB4776201CC727BD00F5DD16 /* Bolts.framework in Frameworks */ = {isa = PBXBuildFile; fileRef = CB47761C1CC727BD00F5DD16 /* Bolts.framework */; };
		CB4776211CC727BD00F5DD16 /* Bolts.framework in Frameworks */ = {isa = PBXBuildFile; fileRef = CB47761C1CC727BD00F5DD16 /* Bolts.framework */; };
		CB4776221CC727BD00F5DD16 /* FBSDKCoreKit.framework in Frameworks */ = {isa = PBXBuildFile; fileRef = CB47761D1CC727BD00F5DD16 /* FBSDKCoreKit.framework */; };
		CB4776231CC727BD00F5DD16 /* FBSDKCoreKit.framework in Frameworks */ = {isa = PBXBuildFile; fileRef = CB47761D1CC727BD00F5DD16 /* FBSDKCoreKit.framework */; };
		CB4776241CC727BD00F5DD16 /* FBSDKCoreKit.framework in Frameworks */ = {isa = PBXBuildFile; fileRef = CB47761D1CC727BD00F5DD16 /* FBSDKCoreKit.framework */; };
		CB4776251CC727BD00F5DD16 /* FBSDKLoginKit.framework in Frameworks */ = {isa = PBXBuildFile; fileRef = CB47761E1CC727BD00F5DD16 /* FBSDKLoginKit.framework */; };
		CB4776261CC727BD00F5DD16 /* FBSDKLoginKit.framework in Frameworks */ = {isa = PBXBuildFile; fileRef = CB47761E1CC727BD00F5DD16 /* FBSDKLoginKit.framework */; };
		CB4776271CC727BD00F5DD16 /* FBSDKLoginKit.framework in Frameworks */ = {isa = PBXBuildFile; fileRef = CB47761E1CC727BD00F5DD16 /* FBSDKLoginKit.framework */; };
		D08D6CA07345FDE496B63476 /* Pods_Displent.framework in Frameworks */ = {isa = PBXBuildFile; fileRef = 43F41A54F1D8882E8D5E0ED1 /* Pods_Displent.framework */; };
/* End PBXBuildFile section */

/* Begin PBXContainerItemProxy section */
		CB4775DA1CC5C6B800F5DD16 /* PBXContainerItemProxy */ = {
			isa = PBXContainerItemProxy;
			containerPortal = CB4775BA1CC5C6B800F5DD16 /* Project object */;
			proxyType = 1;
			remoteGlobalIDString = CB4775C11CC5C6B800F5DD16;
			remoteInfo = Displent;
		};
		CB4775E51CC5C6B800F5DD16 /* PBXContainerItemProxy */ = {
			isa = PBXContainerItemProxy;
			containerPortal = CB4775BA1CC5C6B800F5DD16 /* Project object */;
			proxyType = 1;
			remoteGlobalIDString = CB4775C11CC5C6B800F5DD16;
			remoteInfo = Displent;
		};
/* End PBXContainerItemProxy section */

/* Begin PBXFileReference section */
		43F41A54F1D8882E8D5E0ED1 /* Pods_Displent.framework */ = {isa = PBXFileReference; explicitFileType = wrapper.framework; includeInIndex = 0; path = Pods_Displent.framework; sourceTree = BUILT_PRODUCTS_DIR; };
		CB1E425E1CCEE00200BDBD0D /* HomeFeedVC.swift */ = {isa = PBXFileReference; fileEncoding = 4; lastKnownFileType = sourcecode.swift; path = HomeFeedVC.swift; sourceTree = "<group>"; };
		CB1E42621CCEE3D100BDBD0D /* PostCell.swift */ = {isa = PBXFileReference; fileEncoding = 4; lastKnownFileType = sourcecode.swift; path = PostCell.swift; sourceTree = "<group>"; };
		CB312F4D1CC8857700E58031 /* DataServices.swift */ = {isa = PBXFileReference; fileEncoding = 4; lastKnownFileType = sourcecode.swift; path = DataServices.swift; sourceTree = "<group>"; };
		CB4775C21CC5C6B800F5DD16 /* Displent.app */ = {isa = PBXFileReference; explicitFileType = wrapper.application; includeInIndex = 0; path = Displent.app; sourceTree = BUILT_PRODUCTS_DIR; };
		CB4775C51CC5C6B800F5DD16 /* AppDelegate.swift */ = {isa = PBXFileReference; lastKnownFileType = sourcecode.swift; path = AppDelegate.swift; sourceTree = "<group>"; };
		CB4775C71CC5C6B800F5DD16 /* LoginVC.swift */ = {isa = PBXFileReference; lastKnownFileType = sourcecode.swift; path = LoginVC.swift; sourceTree = "<group>"; };
		CB4775CA1CC5C6B800F5DD16 /* Base */ = {isa = PBXFileReference; lastKnownFileType = file.storyboard; name = Base; path = Base.lproj/Main.storyboard; sourceTree = "<group>"; };
		CB4775CD1CC5C6B800F5DD16 /* Displent.xcdatamodel */ = {isa = PBXFileReference; lastKnownFileType = wrapper.xcdatamodel; path = Displent.xcdatamodel; sourceTree = "<group>"; };
		CB4775CF1CC5C6B800F5DD16 /* Assets.xcassets */ = {isa = PBXFileReference; lastKnownFileType = folder.assetcatalog; path = Assets.xcassets; sourceTree = "<group>"; };
		CB4775D21CC5C6B800F5DD16 /* Base */ = {isa = PBXFileReference; lastKnownFileType = file.storyboard; name = Base; path = Base.lproj/LaunchScreen.storyboard; sourceTree = "<group>"; };
		CB4775D41CC5C6B800F5DD16 /* Info.plist */ = {isa = PBXFileReference; lastKnownFileType = text.plist.xml; path = Info.plist; sourceTree = "<group>"; };
		CB4775D91CC5C6B800F5DD16 /* DisplentTests.xctest */ = {isa = PBXFileReference; explicitFileType = wrapper.cfbundle; includeInIndex = 0; path = DisplentTests.xctest; sourceTree = BUILT_PRODUCTS_DIR; };
		CB4775DD1CC5C6B800F5DD16 /* DisplentTests.swift */ = {isa = PBXFileReference; lastKnownFileType = sourcecode.swift; path = DisplentTests.swift; sourceTree = "<group>"; };
		CB4775DF1CC5C6B800F5DD16 /* Info.plist */ = {isa = PBXFileReference; lastKnownFileType = text.plist.xml; path = Info.plist; sourceTree = "<group>"; };
		CB4775E41CC5C6B800F5DD16 /* DisplentUITests.xctest */ = {isa = PBXFileReference; explicitFileType = wrapper.cfbundle; includeInIndex = 0; path = DisplentUITests.xctest; sourceTree = BUILT_PRODUCTS_DIR; };
		CB4775E81CC5C6B800F5DD16 /* DisplentUITests.swift */ = {isa = PBXFileReference; lastKnownFileType = sourcecode.swift; path = DisplentUITests.swift; sourceTree = "<group>"; };
		CB4775EA1CC5C6B800F5DD16 /* Info.plist */ = {isa = PBXFileReference; lastKnownFileType = text.plist.xml; path = Info.plist; sourceTree = "<group>"; };
		CB4775FA1CC5C79600F5DD16 /* NotoSans-Bold.ttf */ = {isa = PBXFileReference; lastKnownFileType = file; path = "NotoSans-Bold.ttf"; sourceTree = "<group>"; };
		CB4775FB1CC5C79600F5DD16 /* NotoSans-BoldItalic.ttf */ = {isa = PBXFileReference; lastKnownFileType = file; path = "NotoSans-BoldItalic.ttf"; sourceTree = "<group>"; };
		CB4775FC1CC5C79600F5DD16 /* NotoSans-Italic.ttf */ = {isa = PBXFileReference; lastKnownFileType = file; path = "NotoSans-Italic.ttf"; sourceTree = "<group>"; };
		CB4775FD1CC5C79600F5DD16 /* NotoSans-Regular.ttf */ = {isa = PBXFileReference; lastKnownFileType = file; path = "NotoSans-Regular.ttf"; sourceTree = "<group>"; };
		CB47760A1CC6E99100F5DD16 /* MaterialView.swift */ = {isa = PBXFileReference; fileEncoding = 4; lastKnownFileType = sourcecode.swift; path = MaterialView.swift; sourceTree = "<group>"; };
		CB47760F1CC6EA0B00F5DD16 /* Constants.swift */ = {isa = PBXFileReference; fileEncoding = 4; lastKnownFileType = sourcecode.swift; path = Constants.swift; sourceTree = "<group>"; };
		CB4776131CC6F00700F5DD16 /* MaterialButton.swift */ = {isa = PBXFileReference; fileEncoding = 4; lastKnownFileType = sourcecode.swift; path = MaterialButton.swift; sourceTree = "<group>"; };
		CB4776171CC6FF0D00F5DD16 /* MaterialTextField.swift */ = {isa = PBXFileReference; fileEncoding = 4; lastKnownFileType = sourcecode.swift; path = MaterialTextField.swift; sourceTree = "<group>"; };
		CB47761C1CC727BD00F5DD16 /* Bolts.framework */ = {isa = PBXFileReference; lastKnownFileType = wrapper.framework; path = Bolts.framework; sourceTree = "<group>"; };
		CB47761D1CC727BD00F5DD16 /* FBSDKCoreKit.framework */ = {isa = PBXFileReference; lastKnownFileType = wrapper.framework; path = FBSDKCoreKit.framework; sourceTree = "<group>"; };
		CB47761E1CC727BD00F5DD16 /* FBSDKLoginKit.framework */ = {isa = PBXFileReference; lastKnownFileType = wrapper.framework; path = FBSDKLoginKit.framework; sourceTree = "<group>"; };
		DF43EF48503FCB345078B27F /* Pods-Displent.release.xcconfig */ = {isa = PBXFileReference; includeInIndex = 1; lastKnownFileType = text.xcconfig; name = "Pods-Displent.release.xcconfig"; path = "Pods/Target Support Files/Pods-Displent/Pods-Displent.release.xcconfig"; sourceTree = "<group>"; };
		F93494329533576E66105D7C /* Pods-Displent.debug.xcconfig */ = {isa = PBXFileReference; includeInIndex = 1; lastKnownFileType = text.xcconfig; name = "Pods-Displent.debug.xcconfig"; path = "Pods/Target Support Files/Pods-Displent/Pods-Displent.debug.xcconfig"; sourceTree = "<group>"; };
/* End PBXFileReference section */

/* Begin PBXFrameworksBuildPhase section */
		CB4775BF1CC5C6B800F5DD16 /* Frameworks */ = {
			isa = PBXFrameworksBuildPhase;
			buildActionMask = 2147483647;
			files = (
				CB47761F1CC727BD00F5DD16 /* Bolts.framework in Frameworks */,
				CB4776221CC727BD00F5DD16 /* FBSDKCoreKit.framework in Frameworks */,
				CB4776251CC727BD00F5DD16 /* FBSDKLoginKit.framework in Frameworks */,
				D08D6CA07345FDE496B63476 /* Pods_Displent.framework in Frameworks */,
			);
			runOnlyForDeploymentPostprocessing = 0;
		};
		CB4775D61CC5C6B800F5DD16 /* Frameworks */ = {
			isa = PBXFrameworksBuildPhase;
			buildActionMask = 2147483647;
			files = (
				CB4776201CC727BD00F5DD16 /* Bolts.framework in Frameworks */,
				CB4776231CC727BD00F5DD16 /* FBSDKCoreKit.framework in Frameworks */,
				CB4776261CC727BD00F5DD16 /* FBSDKLoginKit.framework in Frameworks */,
			);
			runOnlyForDeploymentPostprocessing = 0;
		};
		CB4775E11CC5C6B800F5DD16 /* Frameworks */ = {
			isa = PBXFrameworksBuildPhase;
			buildActionMask = 2147483647;
			files = (
				CB4776211CC727BD00F5DD16 /* Bolts.framework in Frameworks */,
				CB4776241CC727BD00F5DD16 /* FBSDKCoreKit.framework in Frameworks */,
				CB4776271CC727BD00F5DD16 /* FBSDKLoginKit.framework in Frameworks */,
			);
			runOnlyForDeploymentPostprocessing = 0;
		};
/* End PBXFrameworksBuildPhase section */

/* Begin PBXGroup section */
		81BF60C44672415BB3BDF7E8 /* Pods */ = {
			isa = PBXGroup;
			children = (
				F93494329533576E66105D7C /* Pods-Displent.debug.xcconfig */,
				DF43EF48503FCB345078B27F /* Pods-Displent.release.xcconfig */,
			);
			name = Pods;
			sourceTree = "<group>";
		};
		CB312F4C1CC8854800E58031 /* Services */ = {
			isa = PBXGroup;
			children = (
				CB312F4D1CC8857700E58031 /* DataServices.swift */,
			);
			name = Services;
			sourceTree = "<group>";
		};
		CB4775B91CC5C6B800F5DD16 = {
			isa = PBXGroup;
			children = (
				CB4775C41CC5C6B800F5DD16 /* Displent */,
				CB4775DC1CC5C6B800F5DD16 /* DisplentTests */,
				CB4775E71CC5C6B800F5DD16 /* DisplentUITests */,
				CB4775C31CC5C6B800F5DD16 /* Products */,
				81BF60C44672415BB3BDF7E8 /* Pods */,
				D6A080AFB64EDD214F022788 /* Frameworks */,
			);
			sourceTree = "<group>";
		};
		CB4775C31CC5C6B800F5DD16 /* Products */ = {
			isa = PBXGroup;
			children = (
				CB4775C21CC5C6B800F5DD16 /* Displent.app */,
				CB4775D91CC5C6B800F5DD16 /* DisplentTests.xctest */,
				CB4775E41CC5C6B800F5DD16 /* DisplentUITests.xctest */,
			);
			name = Products;
			sourceTree = "<group>";
		};
		CB4775C41CC5C6B800F5DD16 /* Displent */ = {
			isa = PBXGroup;
			children = (
				CB312F4C1CC8854800E58031 /* Services */,
				CB47761B1CC7278900F5DD16 /* Frameworks */,
				CB47760E1CC6E9E700F5DD16 /* Util */,
				CB4775F91CC5C75000F5DD16 /* Resources */,
				CB4775F81CC5C73300F5DD16 /* Controller */,
				CB4775F71CC5C72500F5DD16 /* View */,
				CB4775F61CC5C71E00F5DD16 /* Model */,
				CB4775C51CC5C6B800F5DD16 /* AppDelegate.swift */,
				CB4775CF1CC5C6B800F5DD16 /* Assets.xcassets */,
				CB4775D11CC5C6B800F5DD16 /* LaunchScreen.storyboard */,
				CB4775D41CC5C6B800F5DD16 /* Info.plist */,
				CB4775CC1CC5C6B800F5DD16 /* Displent.xcdatamodeld */,
			);
			path = Displent;
			sourceTree = "<group>";
		};
		CB4775DC1CC5C6B800F5DD16 /* DisplentTests */ = {
			isa = PBXGroup;
			children = (
				CB4775DD1CC5C6B800F5DD16 /* DisplentTests.swift */,
				CB4775DF1CC5C6B800F5DD16 /* Info.plist */,
			);
			path = DisplentTests;
			sourceTree = "<group>";
		};
		CB4775E71CC5C6B800F5DD16 /* DisplentUITests */ = {
			isa = PBXGroup;
			children = (
				CB4775E81CC5C6B800F5DD16 /* DisplentUITests.swift */,
				CB4775EA1CC5C6B800F5DD16 /* Info.plist */,
			);
			path = DisplentUITests;
			sourceTree = "<group>";
		};
		CB4775F61CC5C71E00F5DD16 /* Model */ = {
			isa = PBXGroup;
			children = (
			);
			name = Model;
			sourceTree = "<group>";
		};
		CB4775F71CC5C72500F5DD16 /* View */ = {
			isa = PBXGroup;
			children = (
				CB4775C91CC5C6B800F5DD16 /* Main.storyboard */,
				CB47760A1CC6E99100F5DD16 /* MaterialView.swift */,
				CB4776131CC6F00700F5DD16 /* MaterialButton.swift */,
				CB4776171CC6FF0D00F5DD16 /* MaterialTextField.swift */,
				CB1E42621CCEE3D100BDBD0D /* PostCell.swift */,
			);
			name = View;
			sourceTree = "<group>";
		};
		CB4775F81CC5C73300F5DD16 /* Controller */ = {
			isa = PBXGroup;
			children = (
				CB4775C71CC5C6B800F5DD16 /* LoginVC.swift */,
				CB1E425E1CCEE00200BDBD0D /* HomeFeedVC.swift */,
			);
			name = Controller;
			sourceTree = "<group>";
		};
		CB4775F91CC5C75000F5DD16 /* Resources */ = {
			isa = PBXGroup;
			children = (
				CB4775FA1CC5C79600F5DD16 /* NotoSans-Bold.ttf */,
				CB4775FB1CC5C79600F5DD16 /* NotoSans-BoldItalic.ttf */,
				CB4775FC1CC5C79600F5DD16 /* NotoSans-Italic.ttf */,
				CB4775FD1CC5C79600F5DD16 /* NotoSans-Regular.ttf */,
			);
			name = Resources;
			sourceTree = "<group>";
		};
		CB47760E1CC6E9E700F5DD16 /* Util */ = {
			isa = PBXGroup;
			children = (
				CB47760F1CC6EA0B00F5DD16 /* Constants.swift */,
			);
			name = Util;
			sourceTree = "<group>";
		};
		CB47761B1CC7278900F5DD16 /* Frameworks */ = {
			isa = PBXGroup;
			children = (
				CB47761C1CC727BD00F5DD16 /* Bolts.framework */,
				CB47761D1CC727BD00F5DD16 /* FBSDKCoreKit.framework */,
				CB47761E1CC727BD00F5DD16 /* FBSDKLoginKit.framework */,
			);
			name = Frameworks;
			sourceTree = "<group>";
		};
		D6A080AFB64EDD214F022788 /* Frameworks */ = {
			isa = PBXGroup;
			children = (
				43F41A54F1D8882E8D5E0ED1 /* Pods_Displent.framework */,
			);
			name = Frameworks;
			sourceTree = "<group>";
		};
/* End PBXGroup section */

/* Begin PBXNativeTarget section */
		CB4775C11CC5C6B800F5DD16 /* Displent */ = {
			isa = PBXNativeTarget;
			buildConfigurationList = CB4775ED1CC5C6B800F5DD16 /* Build configuration list for PBXNativeTarget "Displent" */;
			buildPhases = (
				20ACC969D87ACA838872CA2A /* Check Pods Manifest.lock */,
				CB4775BE1CC5C6B800F5DD16 /* Sources */,
				CB4775BF1CC5C6B800F5DD16 /* Frameworks */,
				CB4775C01CC5C6B800F5DD16 /* Resources */,
				05D1530599BFAE6A9ED71FB3 /* Embed Pods Frameworks */,
				392B740585A169980331D19B /* Copy Pods Resources */,
			);
			buildRules = (
			);
			dependencies = (
			);
			name = Displent;
			productName = Displent;
			productReference = CB4775C21CC5C6B800F5DD16 /* Displent.app */;
			productType = "com.apple.product-type.application";
		};
		CB4775D81CC5C6B800F5DD16 /* DisplentTests */ = {
			isa = PBXNativeTarget;
			buildConfigurationList = CB4775F01CC5C6B800F5DD16 /* Build configuration list for PBXNativeTarget "DisplentTests" */;
			buildPhases = (
				CB4775D51CC5C6B800F5DD16 /* Sources */,
				CB4775D61CC5C6B800F5DD16 /* Frameworks */,
				CB4775D71CC5C6B800F5DD16 /* Resources */,
			);
			buildRules = (
			);
			dependencies = (
				CB4775DB1CC5C6B800F5DD16 /* PBXTargetDependency */,
			);
			name = DisplentTests;
			productName = DisplentTests;
			productReference = CB4775D91CC5C6B800F5DD16 /* DisplentTests.xctest */;
			productType = "com.apple.product-type.bundle.unit-test";
		};
		CB4775E31CC5C6B800F5DD16 /* DisplentUITests */ = {
			isa = PBXNativeTarget;
			buildConfigurationList = CB4775F31CC5C6B800F5DD16 /* Build configuration list for PBXNativeTarget "DisplentUITests" */;
			buildPhases = (
				CB4775E01CC5C6B800F5DD16 /* Sources */,
				CB4775E11CC5C6B800F5DD16 /* Frameworks */,
				CB4775E21CC5C6B800F5DD16 /* Resources */,
			);
			buildRules = (
			);
			dependencies = (
				CB4775E61CC5C6B800F5DD16 /* PBXTargetDependency */,
			);
			name = DisplentUITests;
			productName = DisplentUITests;
			productReference = CB4775E41CC5C6B800F5DD16 /* DisplentUITests.xctest */;
			productType = "com.apple.product-type.bundle.ui-testing";
		};
/* End PBXNativeTarget section */

/* Begin PBXProject section */
		CB4775BA1CC5C6B800F5DD16 /* Project object */ = {
			isa = PBXProject;
			attributes = {
				LastSwiftUpdateCheck = 0730;
				LastUpgradeCheck = 0730;
				ORGANIZATIONNAME = "Srikant Viswanath";
				TargetAttributes = {
					CB4775C11CC5C6B800F5DD16 = {
						CreatedOnToolsVersion = 7.3;
					};
					CB4775D81CC5C6B800F5DD16 = {
						CreatedOnToolsVersion = 7.3;
						TestTargetID = CB4775C11CC5C6B800F5DD16;
					};
					CB4775E31CC5C6B800F5DD16 = {
						CreatedOnToolsVersion = 7.3;
						TestTargetID = CB4775C11CC5C6B800F5DD16;
					};
				};
			};
			buildConfigurationList = CB4775BD1CC5C6B800F5DD16 /* Build configuration list for PBXProject "Displent" */;
			compatibilityVersion = "Xcode 3.2";
			developmentRegion = English;
			hasScannedForEncodings = 0;
			knownRegions = (
				en,
				Base,
			);
			mainGroup = CB4775B91CC5C6B800F5DD16;
			productRefGroup = CB4775C31CC5C6B800F5DD16 /* Products */;
			projectDirPath = "";
			projectRoot = "";
			targets = (
				CB4775C11CC5C6B800F5DD16 /* Displent */,
				CB4775D81CC5C6B800F5DD16 /* DisplentTests */,
				CB4775E31CC5C6B800F5DD16 /* DisplentUITests */,
			);
		};
/* End PBXProject section */

/* Begin PBXResourcesBuildPhase section */
		CB4775C01CC5C6B800F5DD16 /* Resources */ = {
			isa = PBXResourcesBuildPhase;
			buildActionMask = 2147483647;
			files = (
				CB4775FE1CC5C79600F5DD16 /* NotoSans-Bold.ttf in Resources */,
				CB4775D31CC5C6B800F5DD16 /* LaunchScreen.storyboard in Resources */,
				CB4776011CC5C79600F5DD16 /* NotoSans-BoldItalic.ttf in Resources */,
				CB4776041CC5C79600F5DD16 /* NotoSans-Italic.ttf in Resources */,
				CB4775D01CC5C6B800F5DD16 /* Assets.xcassets in Resources */,
				CB4775CB1CC5C6B800F5DD16 /* Main.storyboard in Resources */,
				CB4776071CC5C79600F5DD16 /* NotoSans-Regular.ttf in Resources */,
			);
			runOnlyForDeploymentPostprocessing = 0;
		};
		CB4775D71CC5C6B800F5DD16 /* Resources */ = {
			isa = PBXResourcesBuildPhase;
			buildActionMask = 2147483647;
			files = (
				CB4776081CC5C79600F5DD16 /* NotoSans-Regular.ttf in Resources */,
				CB4776051CC5C79600F5DD16 /* NotoSans-Italic.ttf in Resources */,
				CB4776021CC5C79600F5DD16 /* NotoSans-BoldItalic.ttf in Resources */,
				CB4775FF1CC5C79600F5DD16 /* NotoSans-Bold.ttf in Resources */,
			);
			runOnlyForDeploymentPostprocessing = 0;
		};
		CB4775E21CC5C6B800F5DD16 /* Resources */ = {
			isa = PBXResourcesBuildPhase;
			buildActionMask = 2147483647;
			files = (
				CB4776091CC5C79600F5DD16 /* NotoSans-Regular.ttf in Resources */,
				CB4776061CC5C79600F5DD16 /* NotoSans-Italic.ttf in Resources */,
				CB4776031CC5C79600F5DD16 /* NotoSans-BoldItalic.ttf in Resources */,
				CB4776001CC5C79600F5DD16 /* NotoSans-Bold.ttf in Resources */,
			);
			runOnlyForDeploymentPostprocessing = 0;
		};
/* End PBXResourcesBuildPhase section */

/* Begin PBXShellScriptBuildPhase section */
		05D1530599BFAE6A9ED71FB3 /* Embed Pods Frameworks */ = {
			isa = PBXShellScriptBuildPhase;
			buildActionMask = 2147483647;
			files = (
			);
			inputPaths = (
			);
			name = "Embed Pods Frameworks";
			outputPaths = (
			);
			runOnlyForDeploymentPostprocessing = 0;
			shellPath = /bin/sh;
			shellScript = "\"${SRCROOT}/Pods/Target Support Files/Pods-Displent/Pods-Displent-frameworks.sh\"\n";
			showEnvVarsInLog = 0;
		};
		20ACC969D87ACA838872CA2A /* Check Pods Manifest.lock */ = {
			isa = PBXShellScriptBuildPhase;
			buildActionMask = 2147483647;
			files = (
			);
			inputPaths = (
			);
			name = "Check Pods Manifest.lock";
			outputPaths = (
			);
			runOnlyForDeploymentPostprocessing = 0;
			shellPath = /bin/sh;
			shellScript = "diff \"${PODS_ROOT}/../Podfile.lock\" \"${PODS_ROOT}/Manifest.lock\" > /dev/null\nif [[ $? != 0 ]] ; then\n    cat << EOM\nerror: The sandbox is not in sync with the Podfile.lock. Run 'pod install' or update your CocoaPods installation.\nEOM\n    exit 1\nfi\n";
			showEnvVarsInLog = 0;
		};
		392B740585A169980331D19B /* Copy Pods Resources */ = {
			isa = PBXShellScriptBuildPhase;
			buildActionMask = 2147483647;
			files = (
			);
			inputPaths = (
			);
			name = "Copy Pods Resources";
			outputPaths = (
			);
			runOnlyForDeploymentPostprocessing = 0;
			shellPath = /bin/sh;
			shellScript = "\"${SRCROOT}/Pods/Target Support Files/Pods-Displent/Pods-Displent-resources.sh\"\n";
			showEnvVarsInLog = 0;
		};
/* End PBXShellScriptBuildPhase section */

/* Begin PBXSourcesBuildPhase section */
		CB4775BE1CC5C6B800F5DD16 /* Sources */ = {
			isa = PBXSourcesBuildPhase;
			buildActionMask = 2147483647;
			files = (
				CB4776101CC6EA0B00F5DD16 /* Constants.swift in Sources */,
				CB1E425F1CCEE00200BDBD0D /* HomeFeedVC.swift in Sources */,
				CB4775CE1CC5C6B800F5DD16 /* Displent.xcdatamodeld in Sources */,
				CB4776141CC6F00700F5DD16 /* MaterialButton.swift in Sources */,
				CB312F4E1CC8857700E58031 /* DataServices.swift in Sources */,
				CB4775C81CC5C6B800F5DD16 /* LoginVC.swift in Sources */,
				CB4775C61CC5C6B800F5DD16 /* AppDelegate.swift in Sources */,
				CB47760B1CC6E99100F5DD16 /* MaterialView.swift in Sources */,
				CB4776181CC6FF0E00F5DD16 /* MaterialTextField.swift in Sources */,
				CB1E42631CCEE3D100BDBD0D /* PostCell.swift in Sources */,
			);
			runOnlyForDeploymentPostprocessing = 0;
		};
		CB4775D51CC5C6B800F5DD16 /* Sources */ = {
			isa = PBXSourcesBuildPhase;
			buildActionMask = 2147483647;
			files = (
				CB4775DE1CC5C6B800F5DD16 /* DisplentTests.swift in Sources */,
				CB47760C1CC6E99100F5DD16 /* MaterialView.swift in Sources */,
				CB4776191CC6FF0E00F5DD16 /* MaterialTextField.swift in Sources */,
				CB4776151CC6F00700F5DD16 /* MaterialButton.swift in Sources */,
				CB4776111CC6EA0B00F5DD16 /* Constants.swift in Sources */,
			);
			runOnlyForDeploymentPostprocessing = 0;
		};
		CB4775E01CC5C6B800F5DD16 /* Sources */ = {
			isa = PBXSourcesBuildPhase;
			buildActionMask = 2147483647;
			files = (
				CB4775E91CC5C6B800F5DD16 /* DisplentUITests.swift in Sources */,
				CB47760D1CC6E99100F5DD16 /* MaterialView.swift in Sources */,
				CB47761A1CC6FF0E00F5DD16 /* MaterialTextField.swift in Sources */,
				CB4776161CC6F00700F5DD16 /* MaterialButton.swift in Sources */,
				CB4776121CC6EA0B00F5DD16 /* Constants.swift in Sources */,
			);
			runOnlyForDeploymentPostprocessing = 0;
		};
/* End PBXSourcesBuildPhase section */

/* Begin PBXTargetDependency section */
		CB4775DB1CC5C6B800F5DD16 /* PBXTargetDependency */ = {
			isa = PBXTargetDependency;
			target = CB4775C11CC5C6B800F5DD16 /* Displent */;
			targetProxy = CB4775DA1CC5C6B800F5DD16 /* PBXContainerItemProxy */;
		};
		CB4775E61CC5C6B800F5DD16 /* PBXTargetDependency */ = {
			isa = PBXTargetDependency;
			target = CB4775C11CC5C6B800F5DD16 /* Displent */;
			targetProxy = CB4775E51CC5C6B800F5DD16 /* PBXContainerItemProxy */;
		};
/* End PBXTargetDependency section */

/* Begin PBXVariantGroup section */
		CB4775C91CC5C6B800F5DD16 /* Main.storyboard */ = {
			isa = PBXVariantGroup;
			children = (
				CB4775CA1CC5C6B800F5DD16 /* Base */,
			);
			name = Main.storyboard;
			sourceTree = "<group>";
		};
		CB4775D11CC5C6B800F5DD16 /* LaunchScreen.storyboard */ = {
			isa = PBXVariantGroup;
			children = (
				CB4775D21CC5C6B800F5DD16 /* Base */,
			);
			name = LaunchScreen.storyboard;
			sourceTree = "<group>";
		};
/* End PBXVariantGroup section */

/* Begin XCBuildConfiguration section */
		CB4775EB1CC5C6B800F5DD16 /* Debug */ = {
			isa = XCBuildConfiguration;
			buildSettings = {
				ALWAYS_SEARCH_USER_PATHS = NO;
				CLANG_ANALYZER_NONNULL = YES;
				CLANG_CXX_LANGUAGE_STANDARD = "gnu++0x";
				CLANG_CXX_LIBRARY = "libc++";
				CLANG_ENABLE_MODULES = YES;
				CLANG_ENABLE_OBJC_ARC = YES;
				CLANG_WARN_BOOL_CONVERSION = YES;
				CLANG_WARN_CONSTANT_CONVERSION = YES;
				CLANG_WARN_DIRECT_OBJC_ISA_USAGE = YES_ERROR;
				CLANG_WARN_EMPTY_BODY = YES;
				CLANG_WARN_ENUM_CONVERSION = YES;
				CLANG_WARN_INT_CONVERSION = YES;
				CLANG_WARN_OBJC_ROOT_CLASS = YES_ERROR;
				CLANG_WARN_UNREACHABLE_CODE = YES;
				CLANG_WARN__DUPLICATE_METHOD_MATCH = YES;
				"CODE_SIGN_IDENTITY[sdk=iphoneos*]" = "iPhone Developer";
				COPY_PHASE_STRIP = NO;
				DEBUG_INFORMATION_FORMAT = dwarf;
				ENABLE_STRICT_OBJC_MSGSEND = YES;
				ENABLE_TESTABILITY = YES;
				GCC_C_LANGUAGE_STANDARD = gnu99;
				GCC_DYNAMIC_NO_PIC = NO;
				GCC_NO_COMMON_BLOCKS = YES;
				GCC_OPTIMIZATION_LEVEL = 0;
				GCC_PREPROCESSOR_DEFINITIONS = (
					"DEBUG=1",
					"$(inherited)",
				);
				GCC_WARN_64_TO_32_BIT_CONVERSION = YES;
				GCC_WARN_ABOUT_RETURN_TYPE = YES_ERROR;
				GCC_WARN_UNDECLARED_SELECTOR = YES;
				GCC_WARN_UNINITIALIZED_AUTOS = YES_AGGRESSIVE;
				GCC_WARN_UNUSED_FUNCTION = YES;
				GCC_WARN_UNUSED_VARIABLE = YES;
				IPHONEOS_DEPLOYMENT_TARGET = 9.3;
				MTL_ENABLE_DEBUG_INFO = YES;
				ONLY_ACTIVE_ARCH = YES;
				SDKROOT = iphoneos;
				SWIFT_OPTIMIZATION_LEVEL = "-Onone";
				TARGETED_DEVICE_FAMILY = "1,2";
			};
			name = Debug;
		};
		CB4775EC1CC5C6B800F5DD16 /* Release */ = {
			isa = XCBuildConfiguration;
			buildSettings = {
				ALWAYS_SEARCH_USER_PATHS = NO;
				CLANG_ANALYZER_NONNULL = YES;
				CLANG_CXX_LANGUAGE_STANDARD = "gnu++0x";
				CLANG_CXX_LIBRARY = "libc++";
				CLANG_ENABLE_MODULES = YES;
				CLANG_ENABLE_OBJC_ARC = YES;
				CLANG_WARN_BOOL_CONVERSION = YES;
				CLANG_WARN_CONSTANT_CONVERSION = YES;
				CLANG_WARN_DIRECT_OBJC_ISA_USAGE = YES_ERROR;
				CLANG_WARN_EMPTY_BODY = YES;
				CLANG_WARN_ENUM_CONVERSION = YES;
				CLANG_WARN_INT_CONVERSION = YES;
				CLANG_WARN_OBJC_ROOT_CLASS = YES_ERROR;
				CLANG_WARN_UNREACHABLE_CODE = YES;
				CLANG_WARN__DUPLICATE_METHOD_MATCH = YES;
				"CODE_SIGN_IDENTITY[sdk=iphoneos*]" = "iPhone Developer";
				COPY_PHASE_STRIP = NO;
				DEBUG_INFORMATION_FORMAT = "dwarf-with-dsym";
				ENABLE_NS_ASSERTIONS = NO;
				ENABLE_STRICT_OBJC_MSGSEND = YES;
				GCC_C_LANGUAGE_STANDARD = gnu99;
				GCC_NO_COMMON_BLOCKS = YES;
				GCC_WARN_64_TO_32_BIT_CONVERSION = YES;
				GCC_WARN_ABOUT_RETURN_TYPE = YES_ERROR;
				GCC_WARN_UNDECLARED_SELECTOR = YES;
				GCC_WARN_UNINITIALIZED_AUTOS = YES_AGGRESSIVE;
				GCC_WARN_UNUSED_FUNCTION = YES;
				GCC_WARN_UNUSED_VARIABLE = YES;
				IPHONEOS_DEPLOYMENT_TARGET = 9.3;
				MTL_ENABLE_DEBUG_INFO = NO;
				SDKROOT = iphoneos;
				TARGETED_DEVICE_FAMILY = "1,2";
				VALIDATE_PRODUCT = YES;
			};
			name = Release;
		};
		CB4775EE1CC5C6B800F5DD16 /* Debug */ = {
			isa = XCBuildConfiguration;
			baseConfigurationReference = F93494329533576E66105D7C /* Pods-Displent.debug.xcconfig */;
			buildSettings = {
				ASSETCATALOG_COMPILER_APPICON_NAME = AppIcon;
				FRAMEWORK_SEARCH_PATHS = (
					"$(inherited)",
					"$(PROJECT_DIR)/Displent",
				);
				INFOPLIST_FILE = Displent/Info.plist;
				LD_RUNPATH_SEARCH_PATHS = "$(inherited) @executable_path/Frameworks";
				PRODUCT_BUNDLE_IDENTIFIER = "viswanath-srikant.Displent";
				PRODUCT_NAME = "$(TARGET_NAME)";
			};
			name = Debug;
		};
		CB4775EF1CC5C6B800F5DD16 /* Release */ = {
			isa = XCBuildConfiguration;
			baseConfigurationReference = DF43EF48503FCB345078B27F /* Pods-Displent.release.xcconfig */;
			buildSettings = {
				ASSETCATALOG_COMPILER_APPICON_NAME = AppIcon;
				FRAMEWORK_SEARCH_PATHS = (
					"$(inherited)",
					"$(PROJECT_DIR)/Displent",
				);
				INFOPLIST_FILE = Displent/Info.plist;
				LD_RUNPATH_SEARCH_PATHS = "$(inherited) @executable_path/Frameworks";
				PRODUCT_BUNDLE_IDENTIFIER = "viswanath-srikant.Displent";
				PRODUCT_NAME = "$(TARGET_NAME)";
			};
			name = Release;
		};
		CB4775F11CC5C6B800F5DD16 /* Debug */ = {
			isa = XCBuildConfiguration;
			buildSettings = {
				BUNDLE_LOADER = "$(TEST_HOST)";
				FRAMEWORK_SEARCH_PATHS = (
					"$(inherited)",
					"$(PROJECT_DIR)/Displent",
				);
				INFOPLIST_FILE = DisplentTests/Info.plist;
				LD_RUNPATH_SEARCH_PATHS = "$(inherited) @executable_path/Frameworks @loader_path/Frameworks";
				PRODUCT_BUNDLE_IDENTIFIER = "viswanath-srikant.DisplentTests";
				PRODUCT_NAME = "$(TARGET_NAME)";
				TEST_HOST = "$(BUILT_PRODUCTS_DIR)/Displent.app/Displent";
			};
			name = Debug;
		};
		CB4775F21CC5C6B800F5DD16 /* Release */ = {
			isa = XCBuildConfiguration;
			buildSettings = {
				BUNDLE_LOADER = "$(TEST_HOST)";
				FRAMEWORK_SEARCH_PATHS = (
					"$(inherited)",
					"$(PROJECT_DIR)/Displent",
				);
				INFOPLIST_FILE = DisplentTests/Info.plist;
				LD_RUNPATH_SEARCH_PATHS = "$(inherited) @executable_path/Frameworks @loader_path/Frameworks";
				PRODUCT_BUNDLE_IDENTIFIER = "viswanath-srikant.DisplentTests";
				PRODUCT_NAME = "$(TARGET_NAME)";
				TEST_HOST = "$(BUILT_PRODUCTS_DIR)/Displent.app/Displent";
			};
			name = Release;
		};
		CB4775F41CC5C6B800F5DD16 /* Debug */ = {
			isa = XCBuildConfiguration;
			buildSettings = {
				FRAMEWORK_SEARCH_PATHS = (
					"$(inherited)",
					"$(PROJECT_DIR)/Displent",
				);
				INFOPLIST_FILE = DisplentUITests/Info.plist;
				LD_RUNPATH_SEARCH_PATHS = "$(inherited) @executable_path/Frameworks @loader_path/Frameworks";
				PRODUCT_BUNDLE_IDENTIFIER = "viswanath-srikant.DisplentUITests";
				PRODUCT_NAME = "$(TARGET_NAME)";
				TEST_TARGET_NAME = Displent;
			};
			name = Debug;
		};
		CB4775F51CC5C6B800F5DD16 /* Release */ = {
			isa = XCBuildConfiguration;
			buildSettings = {
				FRAMEWORK_SEARCH_PATHS = (
					"$(inherited)",
					"$(PROJECT_DIR)/Displent",
				);
				INFOPLIST_FILE = DisplentUITests/Info.plist;
				LD_RUNPATH_SEARCH_PATHS = "$(inherited) @executable_path/Frameworks @loader_path/Frameworks";
				PRODUCT_BUNDLE_IDENTIFIER = "viswanath-srikant.DisplentUITests";
				PRODUCT_NAME = "$(TARGET_NAME)";
				TEST_TARGET_NAME = Displent;
			};
			name = Release;
		};
/* End XCBuildConfiguration section */

/* Begin XCConfigurationList section */
		CB4775BD1CC5C6B800F5DD16 /* Build configuration list for PBXProject "Displent" */ = {
			isa = XCConfigurationList;
			buildConfigurations = (
				CB4775EB1CC5C6B800F5DD16 /* Debug */,
				CB4775EC1CC5C6B800F5DD16 /* Release */,
			);
			defaultConfigurationIsVisible = 0;
			defaultConfigurationName = Release;
		};
		CB4775ED1CC5C6B800F5DD16 /* Build configuration list for PBXNativeTarget "Displent" */ = {
			isa = XCConfigurationList;
			buildConfigurations = (
				CB4775EE1CC5C6B800F5DD16 /* Debug */,
				CB4775EF1CC5C6B800F5DD16 /* Release */,
			);
			defaultConfigurationIsVisible = 0;
			defaultConfigurationName = Release;
		};
		CB4775F01CC5C6B800F5DD16 /* Build configuration list for PBXNativeTarget "DisplentTests" */ = {
			isa = XCConfigurationList;
			buildConfigurations = (
				CB4775F11CC5C6B800F5DD16 /* Debug */,
				CB4775F21CC5C6B800F5DD16 /* Release */,
			);
			defaultConfigurationIsVisible = 0;
			defaultConfigurationName = Release;
		};
		CB4775F31CC5C6B800F5DD16 /* Build configuration list for PBXNativeTarget "DisplentUITests" */ = {
			isa = XCConfigurationList;
			buildConfigurations = (
				CB4775F41CC5C6B800F5DD16 /* Debug */,
				CB4775F51CC5C6B800F5DD16 /* Release */,
			);
			defaultConfigurationIsVisible = 0;
			defaultConfigurationName = Release;
		};
/* End XCConfigurationList section */

/* Begin XCVersionGroup section */
		CB4775CC1CC5C6B800F5DD16 /* Displent.xcdatamodeld */ = {
			isa = XCVersionGroup;
			children = (
				CB4775CD1CC5C6B800F5DD16 /* Displent.xcdatamodel */,
			);
			currentVersion = CB4775CD1CC5C6B800F5DD16 /* Displent.xcdatamodel */;
			path = Displent.xcdatamodeld;
			sourceTree = "<group>";
			versionGroupType = wrapper.xcdatamodel;
		};
/* End XCVersionGroup section */
	};
	rootObject = CB4775BA1CC5C6B800F5DD16 /* Project object */;
}
